
Microsoft Visual Studio Solution File, Format Version 12.00
# Visual Studio Version 17
VisualStudioVersion = 17.1.32210.238
MinimumVisualStudioVersion = 10.0.40219.1
Project("{9A19103F-16F7-4668-BE54-9A1E7A4F7556}") = "SyncFusionPractice", "SyncFusionPractice\SyncFusionPractice.csproj", "{5BAF7F01-8915-40EE-97A6-BDE384EA17CA}"
EndProject
Global
	GlobalSection(SolutionConfigurationPlatforms) = preSolution
		Debug|Any CPU = Debug|Any CPU
		Release|Any CPU = Release|Any CPU
	EndGlobalSection
	GlobalSection(ProjectConfigurationPlatforms) = postSolution
		{5BAF7F01-8915-40EE-97A6-BDE384EA17CA}.Debug|Any CPU.ActiveCfg = Debug|Any CPU
		{5BAF7F01-8915-40EE-97A6-BDE384EA17CA}.Debug|Any CPU.Build.0 = Debug|Any CPU
		{5BAF7F01-8915-40EE-97A6-BDE384EA17CA}.Release|Any CPU.ActiveCfg = Release|Any CPU
		{5BAF7F01-8915-40EE-97A6-BDE384EA17CA}.Release|Any CPU.Build.0 = Release|Any CPU
	EndGlobalSection
	GlobalSection(SolutionProperties) = preSolution
		HideSolutionNode = FALSE
	EndGlobalSection
	GlobalSection(ExtensibilityGlobals) = postSolution
		SolutionGuid = {25A3635C-B50E-404A-AA28-FDA3EF996476}
	EndGlobalSection
EndGlobal
